
Microsoft Visual Studio Solution File, Format Version 12.00
# Visual Studio Version 17
VisualStudioVersion = 17.3.32819.101
MinimumVisualStudioVersion = 10.0.40219.1
Project("{888888A0-9F3D-457C-B088-3A5042F75D52}") = "kap 5 uppgift 4.1", "kap 5 uppgift 4.1\kap 5 uppgift 4.1.pyproj", "{145BEFDC-FE17-4BF9-830E-8A9809CAB1EA}"
EndProject
Global
	GlobalSection(SolutionConfigurationPlatforms) = preSolution
		Debug|Any CPU = Debug|Any CPU
		Release|Any CPU = Release|Any CPU
	EndGlobalSection
	GlobalSection(ProjectConfigurationPlatforms) = postSolution
		{145BEFDC-FE17-4BF9-830E-8A9809CAB1EA}.Debug|Any CPU.ActiveCfg = Debug|Any CPU
		{145BEFDC-FE17-4BF9-830E-8A9809CAB1EA}.Release|Any CPU.ActiveCfg = Release|Any CPU
	EndGlobalSection
	GlobalSection(SolutionProperties) = preSolution
		HideSolutionNode = FALSE
	EndGlobalSection
	GlobalSection(ExtensibilityGlobals) = postSolution
		SolutionGuid = {7FC047CF-EAF2-4956-A717-CF7451D8CBD1}
	EndGlobalSection
EndGlobal
